Microsoft Visual Studio Solution File, Format Version 12.00
# Visual Studio Version 17
VisualStudioVersion = 17.5.2.0
MinimumVisualStudioVersion = 10.0.40219.1
Project("{FAE04EC0-301F-11D3-BF4B-00C04F79EFBC}") = "ZephyrsElixir", "ZephyrsElixir.csproj", "{4B6C1902-CF8B-1655-F2DC-0DA7620C0BF6}"
EndProject
Global
	GlobalSection(SolutionConfigurationPlatforms) = preSolution
		Debug|Any CPU = Debug|Any CPU
		Release|Any CPU = Release|Any CPU
	EndGlobalSection
	GlobalSection(ProjectConfigurationPlatforms) = postSolution
		{4B6C1902-CF8B-1655-F2DC-0DA7620C0BF6}.Debug|Any CPU.ActiveCfg = Debug|Any CPU
		{4B6C1902-CF8B-1655-F2DC-0DA7620C0BF6}.Debug|Any CPU.Build.0 = Debug|Any CPU
		{4B6C1902-CF8B-1655-F2DC-0DA7620C0BF6}.Release|Any CPU.ActiveCfg = Release|Any CPU
		{4B6C1902-CF8B-1655-F2DC-0DA7620C0BF6}.Release|Any CPU.Build.0 = Release|Any CPU
	EndGlobalSection
	GlobalSection(SolutionProperties) = preSolution
		HideSolutionNode = FALSE
	EndGlobalSection
	GlobalSection(ExtensibilityGlobals) = postSolution
		SolutionGuid = {53C3CA7D-19A1-4774-907E-1D7638B71166}
	EndGlobalSection
EndGlobal
